
Microsoft Visual Studio Solution File, Format Version 12.00
# Visual Studio 15
VisualStudioVersion = 15.0.27130.2026
MinimumVisualStudioVersion = 10.0.40219.1
Project("{FAE04EC0-301F-11D3-BF4B-00C04F79EFBC}") = "AguasApp", "AguasApp\AguasApp.csproj", "{4C79E395-5540-4127-8CFD-9E466BDE7B36}"
EndProject
Global
	GlobalSection(SolutionConfigurationPlatforms) = preSolution
		Debug|Any CPU = Debug|Any CPU
		Release|Any CPU = Release|Any CPU
	EndGlobalSection
	GlobalSection(ProjectConfigurationPlatforms) = postSolution
		{4C79E395-5540-4127-8CFD-9E466BDE7B36}.Debug|Any CPU.ActiveCfg = Debug|Any CPU
		{4C79E395-5540-4127-8CFD-9E466BDE7B36}.Debug|Any CPU.Build.0 = Debug|Any CPU
		{4C79E395-5540-4127-8CFD-9E466BDE7B36}.Release|Any CPU.ActiveCfg = Release|Any CPU
		{4C79E395-5540-4127-8CFD-9E466BDE7B36}.Release|Any CPU.Build.0 = Release|Any CPU
	EndGlobalSection
	GlobalSection(SolutionProperties) = preSolution
		HideSolutionNode = FALSE
	EndGlobalSection
	GlobalSection(ExtensibilityGlobals) = postSolution
		SolutionGuid = {A50CED51-FE93-4A86-B9CB-F5FA98EC4D5F}
	EndGlobalSection
EndGlobal
